
Microsoft Visual Studio Solution File, Format Version 12.00
# Visual Studio Version 16
VisualStudioVersion = 16.0.30413.136
MinimumVisualStudioVersion = 10.0.40219.1
Project("{8BC9CEB8-8B4A-11D0-8D11-00A0C91BC942}") = "OpenScanLib", "OpenScanLib\OpenScanLib.vcxproj", "{E10D1CA0-4F18-447B-8A08-966FA0887B36}"
EndProject
Project("{8BC9CEB8-8B4A-11D0-8D11-00A0C91BC942}") = "TestDeviceModule", "TestDeviceModule\TestDeviceModule.vcxproj", "{BC07980E-9C36-4683-BF1C-2936B5E0DF36}"
EndProject
Project("{8BC9CEB8-8B4A-11D0-8D11-00A0C91BC942}") = "ModuleLoadTest", "ModuleLoadTest\ModuleLoadTest.vcxproj", "{A6D864D4-DF37-4A9C-BF1D-142CAD2F7AFB}"
EndProject
Project("{8BC9CEB8-8B4A-11D0-8D11-00A0C91BC942}") = "OpenScanDeviceLib", "OpenScanDeviceLib\OpenScanDeviceLib.vcxproj", "{22D83709-EDC3-428D-9FCF-E6A5C2DB61CC}"
EndProject
Project("{8BC9CEB8-8B4A-11D0-8D11-00A0C91BC942}") = "OpenScanLibTests", "OpenScanLibTests\OpenScanLibTests.vcxproj", "{EFC1F5DA-8689-4020-990E-3EC4336262B7}"
EndProject
Project("{8BC9CEB8-8B4A-11D0-8D11-00A0C91BC942}") = "SimulatedDeviceModule", "SimulatedDeviceModule\SimulatedDeviceModule.vcxproj", "{3A1C08D0-539A-4949-82E1-7DFA4E3D4490}"
EndProject
Global
	GlobalSection(SolutionConfigurationPlatforms) = preSolution
		Debug|x64 = Debug|x64
		Debug|x86 = Debug|x86
		Release|x64 = Release|x64
		Release|x86 = Release|x86
	EndGlobalSection
	GlobalSection(ProjectConfigurationPlatforms) = postSolution
		{E10D1CA0-4F18-447B-8A08-966FA0887B36}.Debug|x64.ActiveCfg = Debug|x64
		{E10D1CA0-4F18-447B-8A08-966FA0887B36}.Debug|x64.Build.0 = Debug|x64
		{E10D1CA0-4F18-447B-8A08-966FA0887B36}.Debug|x86.ActiveCfg = Debug|Win32
		{E10D1CA0-4F18-447B-8A08-966FA0887B36}.Debug|x86.Build.0 = Debug|Win32
		{E10D1CA0-4F18-447B-8A08-966FA0887B36}.Release|x64.ActiveCfg = Release|x64
		{E10D1CA0-4F18-447B-8A08-966FA0887B36}.Release|x64.Build.0 = Release|x64
		{E10D1CA0-4F18-447B-8A08-966FA0887B36}.Release|x86.ActiveCfg = Release|Win32
		{E10D1CA0-4F18-447B-8A08-966FA0887B36}.Release|x86.Build.0 = Release|Win32
		{BC07980E-9C36-4683-BF1C-2936B5E0DF36}.Debug|x64.ActiveCfg = Debug|x64
		{BC07980E-9C36-4683-BF1C-2936B5E0DF36}.Debug|x64.Build.0 = Debug|x64
		{BC07980E-9C36-4683-BF1C-2936B5E0DF36}.Debug|x86.ActiveCfg = Debug|Win32
		{BC07980E-9C36-4683-BF1C-2936B5E0DF36}.Debug|x86.Build.0 = Debug|Win32
		{BC07980E-9C36-4683-BF1C-2936B5E0DF36}.Release|x64.ActiveCfg = Release|x64
		{BC07980E-9C36-4683-BF1C-2936B5E0DF36}.Release|x64.Build.0 = Release|x64
		{BC07980E-9C36-4683-BF1C-2936B5E0DF36}.Release|x86.ActiveCfg = Release|Win32
		{BC07980E-9C36-4683-BF1C-2936B5E0DF36}.Release|x86.Build.0 = Release|Win32
		{A6D864D4-DF37-4A9C-BF1D-142CAD2F7AFB}.Debug|x64.ActiveCfg = Debug|x64
		{A6D864D4-DF37-4A9C-BF1D-142CAD2F7AFB}.Debug|x64.Build.0 = Debug|x64
		{A6D864D4-DF37-4A9C-BF1D-142CAD2F7AFB}.Debug|x86.ActiveCfg = Debug|Win32
		{A6D864D4-DF37-4A9C-BF1D-142CAD2F7AFB}.Debug|x86.Build.0 = Debug|Win32
		{A6D864D4-DF37-4A9C-BF1D-142CAD2F7AFB}.Release|x64.ActiveCfg = Release|x64
		{A6D864D4-DF37-4A9C-BF1D-142CAD2F7AFB}.Release|x64.Build.0 = Release|x64
		{A6D864D4-DF37-4A9C-BF1D-142CAD2F7AFB}.Release|x86.ActiveCfg = Release|Win32
		{A6D864D4-DF37-4A9C-BF1D-142CAD2F7AFB}.Release|x86.Build.0 = Release|Win32
		{22D83709-EDC3-428D-9FCF-E6A5C2DB61CC}.Debug|x64.ActiveCfg = Debug|x64
		{22D83709-EDC3-428D-9FCF-E6A5C2DB61CC}.Debug|x64.Build.0 = Debug|x64
		{22D83709-EDC3-428D-9FCF-E6A5C2DB61CC}.Debug|x86.ActiveCfg = Debug|Win32
		{22D83709-EDC3-428D-9FCF-E6A5C2DB61CC}.Debug|x86.Build.0 = Debug|Win32
		{22D83709-EDC3-428D-9FCF-E6A5C2DB61CC}.Release|x64.ActiveCfg = Release|x64
		{22D83709-EDC3-428D-9FCF-E6A5C2DB61CC}.Release|x64.Build.0 = Release|x64
		{22D83709-EDC3-428D-9FCF-E6A5C2DB61CC}.Release|x86.ActiveCfg = Release|Win32
		{22D83709-EDC3-428D-9FCF-E6A5C2DB61CC}.Release|x86.Build.0 = Release|Win32
		{EFC1F5DA-8689-4020-990E-3EC4336262B7}.Debug|x64.ActiveCfg = Debug|x64
		{EFC1F5DA-8689-4020-990E-3EC4336262B7}.Debug|x64.Build.0 = Debug|x64
		{EFC1F5DA-8689-4020-990E-3EC4336262B7}.Debug|x86.ActiveCfg = Debug|Win32
		{EFC1F5DA-8689-4020-990E-3EC4336262B7}.Debug|x86.Build.0 = Debug|Win32
		{EFC1F5DA-8689-4020-990E-3EC4336262B7}.Release|x64.ActiveCfg = Release|x64
		{EFC1F5DA-8689-4020-990E-3EC4336262B7}.Release|x64.Build.0 = Release|x64
		{EFC1F5DA-8689-4020-990E-3EC4336262B7}.Release|x86.ActiveCfg = Release|Win32
		{EFC1F5DA-8689-4020-990E-3EC4336262B7}.Release|x86.Build.0 = Release|Win32
		{3A1C08D0-539A-4949-82E1-7DFA4E3D4490}.Debug|x64.ActiveCfg = Debug|x64
		{3A1C08D0-539A-4949-82E1-7DFA4E3D4490}.Debug|x64.Build.0 = Debug|x64
		{3A1C08D0-539A-4949-82E1-7DFA4E3D4490}.Debug|x86.ActiveCfg = Debug|Win32
		{3A1C08D0-539A-4949-82E1-7DFA4E3D4490}.Debug|x86.Build.0 = Debug|Win32
		{3A1C08D0-539A-4949-82E1-7DFA4E3D4490}.Release|x64.ActiveCfg = Release|x64
		{3A1C08D0-539A-4949-82E1-7DFA4E3D4490}.Release|x64.Build.0 = Release|x64
		{3A1C08D0-539A-4949-82E1-7DFA4E3D4490}.Release|x86.ActiveCfg = Release|Win32
		{3A1C08D0-539A-4949-82E1-7DFA4E3D4490}.Release|x86.Build.0 = Release|Win32
	EndGlobalSection
	GlobalSection(SolutionProperties) = preSolution
		HideSolutionNode = FALSE
	EndGlobalSection
	GlobalSection(ExtensibilityGlobals) = postSolution
		SolutionGuid = {33361F1F-04C4-4802-A167-5A26E9310CF0}
	EndGlobalSection
EndGlobal
