<?xml version="1.0" encoding="utf-8"?>
<Project ToolsVersion="4.0" xmlns="http://schemas.microsoft.com/developer/msbuild/2003">
  <ItemGroup>
    <Filter Include="Source Files">
      <UniqueIdentifier>{4FC737F1-C7A5-4376-A066-2A32D752A2FF}</UniqueIdentifier>
      <Extensions>cpp;c;cc;cxx;def;odl;idl;hpj;bat;asm;asmx</Extensions>
    </Filter>
    <Filter Include="Header Files">
      <UniqueIdentifier>{93995380-89BD-4b04-88EB-625FBE52EBFB}</UniqueIdentifier>
      <Extensions>h;hh;hpp;hxx;hm;inl;inc;xsd</Extensions>
    </Filter>
    <Filter Include="Public Headers">
      <UniqueIdentifier>{6413bad8-6629-41d5-9de1-63ac9d05f96d}</UniqueIdentifier>
    </Filter>
  </ItemGroup>
  <ItemGroup>
    <ClCompile Include="OpenScanLib\src\Modules.c">
      <Filter>Source Files</Filter>
    </ClCompile>
    <ClCompile Include="OpenScanLib\src\OpenScanAcquisition.c">
      <Filter>Source Files</Filter>
    </ClCompile>
    <ClCompile Include="OpenScanLib\src\OpenScanDetector.c">
      <Filter>Source Files</Filter>
    </ClCompile>
    <ClCompile Include="OpenScanLib\src\OpenScanDevice.c">
      <Filter>Source Files</Filter>
    </ClCompile>
    <ClCompile Include="OpenScanLib\src\OpenScanDeviceModules.c">
      <Filter>Source Files</Filter>
    </ClCompile>
    <ClCompile Include="OpenScanLib\src\OpenScanDevices.c">
      <Filter>Source Files</Filter>
    </ClCompile>
    <ClCompile Include="OpenScanLib\src\OpenScanLogging.c">
      <Filter>Source Files</Filter>
    </ClCompile>
    <ClCompile Include="OpenScanLib\src\OpenScanLSM.c">
      <Filter>Source Files</Filter>
    </ClCompile>
    <ClCompile Include="OpenScanLib\src\OpenScanScanner.c">
      <Filter>Source Files</Filter>
    </ClCompile>
    <ClCompile Include="OpenScanLib\src\OpenScanSetting.c">
      <Filter>Source Files</Filter>
    </ClCompile>
    <ClCompile Include="OpenScanLib\src\DeviceInterface.c">
      <Filter>Source Files</Filter>
    </ClCompile>
  </ItemGroup>
  <ItemGroup>
    <ClInclude Include="OpenScanLib\include\OpenScanLib.h">
      <Filter>Public Headers</Filter>
    </ClInclude>
    <ClInclude Include="OpenScanLib\src\Modules.h">
      <Filter>Header Files</Filter>
    </ClInclude>
    <ClInclude Include="OpenScanLib\src\OpenScanDeviceModules.h">
      <Filter>Header Files</Filter>
    </ClInclude>
    <ClInclude Include="OpenScanLib\src\OpenScanLibPrivate.h">
      <Filter>Header Files</Filter>
    </ClInclude>
    <ClInclude Include="OpenScanLib\src\DeviceInterface.h">
      <Filter>Header Files</Filter>
    </ClInclude>
  </ItemGroup>
</Project>